
Microsoft Visual Studio Solution File, Format Version 12.00
# Visual Studio 15
VisualStudioVersion = 15.0.28307.136
MinimumVisualStudioVersion = 10.0.40219.1
Project("{9A19103F-16F7-4668-BE54-9A1E7A4F7556}") = "SportsStore", "SportsStore\SportsStore.csproj", "{D72A1FE2-75E0-4B0E-A4C4-5FCF6081CC9F}"
EndProject
Project("{9A19103F-16F7-4668-BE54-9A1E7A4F7556}") = "SportsStore.Tests", "SportsStore.Tests\SportsStore.Tests.csproj", "{AE8C7528-2545-4F2D-887D-8E1E6DD0F17E}"
EndProject
Global
	GlobalSection(SolutionConfigurationPlatforms) = preSolution
		Debug|Any CPU = Debug|Any CPU
		Release|Any CPU = Release|Any CPU
	EndGlobalSection
	GlobalSection(ProjectConfigurationPlatforms) = postSolution
		{D72A1FE2-75E0-4B0E-A4C4-5FCF6081CC9F}.Debug|Any CPU.ActiveCfg = Debug|Any CPU
		{D72A1FE2-75E0-4B0E-A4C4-5FCF6081CC9F}.Debug|Any CPU.Build.0 = Debug|Any CPU
		{D72A1FE2-75E0-4B0E-A4C4-5FCF6081CC9F}.Release|Any CPU.ActiveCfg = Release|Any CPU
		{D72A1FE2-75E0-4B0E-A4C4-5FCF6081CC9F}.Release|Any CPU.Build.0 = Release|Any CPU
		{AE8C7528-2545-4F2D-887D-8E1E6DD0F17E}.Debug|Any CPU.ActiveCfg = Debug|Any CPU
		{AE8C7528-2545-4F2D-887D-8E1E6DD0F17E}.Debug|Any CPU.Build.0 = Debug|Any CPU
		{AE8C7528-2545-4F2D-887D-8E1E6DD0F17E}.Release|Any CPU.ActiveCfg = Release|Any CPU
		{AE8C7528-2545-4F2D-887D-8E1E6DD0F17E}.Release|Any CPU.Build.0 = Release|Any CPU
	EndGlobalSection
	GlobalSection(SolutionProperties) = preSolution
		HideSolutionNode = FALSE
	EndGlobalSection
	GlobalSection(ExtensibilityGlobals) = postSolution
		SolutionGuid = {DA8880B9-4834-4D6D-908C-0AFF4EC3C667}
	EndGlobalSection
EndGlobal
